
Microsoft Visual Studio Solution File, Format Version 12.00
# Visual Studio Version 17
VisualStudioVersion = 17.0.31919.166
MinimumVisualStudioVersion = 10.0.40219.1
Project("{FAE04EC0-301F-11D3-BF4B-00C04F79EFBC}") = "ArabalarForm", "ArabalarForm\ArabalarForm.csproj", "{6869F977-7ED1-484A-A888-A662EE4C3ECE}"
EndProject
Global
	GlobalSection(SolutionConfigurationPlatforms) = preSolution
		Debug|Any CPU = Debug|Any CPU
		Release|Any CPU = Release|Any CPU
	EndGlobalSection
	GlobalSection(ProjectConfigurationPlatforms) = postSolution
		{6869F977-7ED1-484A-A888-A662EE4C3ECE}.Debug|Any CPU.ActiveCfg = Debug|Any CPU
		{6869F977-7ED1-484A-A888-A662EE4C3ECE}.Debug|Any CPU.Build.0 = Debug|Any CPU
		{6869F977-7ED1-484A-A888-A662EE4C3ECE}.Release|Any CPU.ActiveCfg = Release|Any CPU
		{6869F977-7ED1-484A-A888-A662EE4C3ECE}.Release|Any CPU.Build.0 = Release|Any CPU
	EndGlobalSection
	GlobalSection(SolutionProperties) = preSolution
		HideSolutionNode = FALSE
	EndGlobalSection
	GlobalSection(ExtensibilityGlobals) = postSolution
		SolutionGuid = {DAA04950-0B2A-4150-BA3C-466FD00603EF}
	EndGlobalSection
EndGlobal
